
Microsoft Visual Studio Solution File, Format Version 12.00
# Visual Studio Version 17
VisualStudioVersion = 17.11.35312.102
MinimumVisualStudioVersion = 10.0.40219.1
Project("{FAE04EC0-301F-11D3-BF4B-00C04F79EFBC}") = "cs-HTTP-and-APIs-sprint", "cs-HTTP-and-APIs-sprint\cs-HTTP-and-APIs-sprint.csproj", "{E844A018-AC78-4F46-8971-4DE8EAD62ED4}"
EndProject
Global
	GlobalSection(SolutionConfigurationPlatforms) = preSolution
		Debug|Any CPU = Debug|Any CPU
		Release|Any CPU = Release|Any CPU
	EndGlobalSection
	GlobalSection(ProjectConfigurationPlatforms) = postSolution
		{E844A018-AC78-4F46-8971-4DE8EAD62ED4}.Debug|Any CPU.ActiveCfg = Debug|Any CPU
		{E844A018-AC78-4F46-8971-4DE8EAD62ED4}.Debug|Any CPU.Build.0 = Debug|Any CPU
		{E844A018-AC78-4F46-8971-4DE8EAD62ED4}.Release|Any CPU.ActiveCfg = Release|Any CPU
		{E844A018-AC78-4F46-8971-4DE8EAD62ED4}.Release|Any CPU.Build.0 = Release|Any CPU
	EndGlobalSection
	GlobalSection(SolutionProperties) = preSolution
		HideSolutionNode = FALSE
	EndGlobalSection
	GlobalSection(ExtensibilityGlobals) = postSolution
		SolutionGuid = {CE33C043-F724-49AF-BF3B-18497999C0D1}
	EndGlobalSection
EndGlobal
